# THIS IS AN AUTOGENERATED FILE. DO NOT EDIT THIS FILE DIRECTLY.
# yarn lockfile v1


material-design-icons-iconfont@^5.0.1:
  version "5.0.1"
  resolved "https://registry.yarnpkg.com/material-design-icons-iconfont/-/material-design-icons-iconfont-5.0.1.tgz#371875ed7fe9c8c520bc7123c3231feeab731c31"
  integrity sha512-Xg6rIdGrfySTqiTZ6d+nQbcFepS6R4uKbJP0oAqyeZXJY/bX6mZDnOmmUJusqLXfhIwirs0c++a6JpqVa8RFvA==
